{
  "name": "bocchi-lang",
  "version": "1.0.0",
  "lockfileVersion": 2,
  "requires": true,
  "packages": {
    "": {
      "name": "bocchi-lang",
      "version": "1.0.0",
      "license": "ISC",
      "dependencies": {
        "rescript": "^10.1.1"
      }
    },
    "node_modules/rescript": {
      "version": "10.1.1",
      "resolved": "https://registry.npmjs.org/rescript/-/rescript-10.1.1.tgz",
      "integrity": "sha512-6rwFNt+A1VqD34L/9T95TKh22zyT0Cs5VUWCQnFblBNsUfz5mFdUSNvdOFf1Nbiz8NaQJGwhLKKjzxsF/pbbLg==",
      "hasInstallScript": true,
      "bin": {
        "bsc": "bsc",
        "bsrefmt": "bsrefmt",
        "bstracing": "lib/bstracing",
        "rescript": "rescript"
      }
    }
  },
  "dependencies": {
    "rescript": {
      "version": "10.1.1",
      "resolved": "https://registry.npmjs.org/rescript/-/rescript-10.1.1.tgz",
      "integrity": "sha512-6rwFNt+A1VqD34L/9T95TKh22zyT0Cs5VUWCQnFblBNsUfz5mFdUSNvdOFf1Nbiz8NaQJGwhLKKjzxsF/pbbLg=="
    }
  }
}
